
Microsoft Visual Studio Solution File, Format Version 12.00
# Visual Studio Version 16
VisualStudioVersion = 16.0.30309.148
MinimumVisualStudioVersion = 10.0.40219.1
Project("{FAE04EC0-301F-11D3-BF4B-00C04F79EFBC}") = "TTS", "2021_temp\TTS.csproj", "{C70926BB-2901-44F2-85B5-4AE1E8059B64}"
EndProject
Project("{FAE04EC0-301F-11D3-BF4B-00C04F79EFBC}") = "STT", "STT\STT.csproj", "{2F3D19F9-0739-4284-B502-2979EC8D21BB}"
EndProject
Project("{FAE04EC0-301F-11D3-BF4B-00C04F79EFBC}") = "PdfToExcel", "PdfToExcel\PdfToExcel.csproj", "{C359DDBC-051F-48F9-A812-E2312D80DE7C}"
EndProject
Project("{FAE04EC0-301F-11D3-BF4B-00C04F79EFBC}") = "OCR", "OCR\OCR.csproj", "{D702303D-4FD2-4F5F-9594-86A4D652DB96}"
EndProject
Project("{FAE04EC0-301F-11D3-BF4B-00C04F79EFBC}") = "Dynamic Font", "Dinamic Font\Dynamic Font.csproj", "{1915FB49-EF9A-43A5-82FB-27E70C1DBF0F}"
EndProject
Global
	GlobalSection(SolutionConfigurationPlatforms) = preSolution
		Debug|Any CPU = Debug|Any CPU
		Release|Any CPU = Release|Any CPU
	EndGlobalSection
	GlobalSection(ProjectConfigurationPlatforms) = postSolution
		{C70926BB-2901-44F2-85B5-4AE1E8059B64}.Debug|Any CPU.ActiveCfg = Debug|Any CPU
		{C70926BB-2901-44F2-85B5-4AE1E8059B64}.Debug|Any CPU.Build.0 = Debug|Any CPU
		{C70926BB-2901-44F2-85B5-4AE1E8059B64}.Release|Any CPU.ActiveCfg = Release|Any CPU
		{C70926BB-2901-44F2-85B5-4AE1E8059B64}.Release|Any CPU.Build.0 = Release|Any CPU
		{2F3D19F9-0739-4284-B502-2979EC8D21BB}.Debug|Any CPU.ActiveCfg = Debug|Any CPU
		{2F3D19F9-0739-4284-B502-2979EC8D21BB}.Debug|Any CPU.Build.0 = Debug|Any CPU
		{2F3D19F9-0739-4284-B502-2979EC8D21BB}.Release|Any CPU.ActiveCfg = Release|Any CPU
		{2F3D19F9-0739-4284-B502-2979EC8D21BB}.Release|Any CPU.Build.0 = Release|Any CPU
		{C359DDBC-051F-48F9-A812-E2312D80DE7C}.Debug|Any CPU.ActiveCfg = Debug|Any CPU
		{C359DDBC-051F-48F9-A812-E2312D80DE7C}.Debug|Any CPU.Build.0 = Debug|Any CPU
		{C359DDBC-051F-48F9-A812-E2312D80DE7C}.Release|Any CPU.ActiveCfg = Release|Any CPU
		{C359DDBC-051F-48F9-A812-E2312D80DE7C}.Release|Any CPU.Build.0 = Release|Any CPU
		{D702303D-4FD2-4F5F-9594-86A4D652DB96}.Debug|Any CPU.ActiveCfg = Debug|Any CPU
		{D702303D-4FD2-4F5F-9594-86A4D652DB96}.Debug|Any CPU.Build.0 = Debug|Any CPU
		{D702303D-4FD2-4F5F-9594-86A4D652DB96}.Release|Any CPU.ActiveCfg = Release|Any CPU
		{D702303D-4FD2-4F5F-9594-86A4D652DB96}.Release|Any CPU.Build.0 = Release|Any CPU
		{1915FB49-EF9A-43A5-82FB-27E70C1DBF0F}.Debug|Any CPU.ActiveCfg = Debug|Any CPU
		{1915FB49-EF9A-43A5-82FB-27E70C1DBF0F}.Debug|Any CPU.Build.0 = Debug|Any CPU
		{1915FB49-EF9A-43A5-82FB-27E70C1DBF0F}.Release|Any CPU.ActiveCfg = Release|Any CPU
		{1915FB49-EF9A-43A5-82FB-27E70C1DBF0F}.Release|Any CPU.Build.0 = Release|Any CPU
	EndGlobalSection
	GlobalSection(SolutionProperties) = preSolution
		HideSolutionNode = FALSE
	EndGlobalSection
	GlobalSection(ExtensibilityGlobals) = postSolution
		SolutionGuid = {0AFFFF67-8540-4541-9116-79AB53FE9CFC}
	EndGlobalSection
EndGlobal
